{
  "name": "simple-tools-demo",
  "version": "1.0.0",
  "lockfileVersion": 3,
  "requires": true,
  "packages": {
    "": {
      "name": "simple-tools-demo",
      "version": "1.0.0",
      "license": "ISC",
      "devDependencies": {
        "@codesweep-ai/ledger": "0.0.0-20260915074254-129b17f78d58",
        "@codesweep-ai/lint": "0.0.0-20260915074254-271c4a39b67b"
      }
    },
    "node_modules/@codesweep-ai/ledger": {
      "version": "0.0.0-20260915074254-129b17f78d58",
      "resolved": "https://registry.npmjs.org/@codesweep-ai/ledger/-/ledger-0.0.0-20260915074254-129b17f78d58.tgz",
      "integrity": "sha512-ksaJyUNHUAPmvIsxuG+hL0xxzESQyzdsv1AXbZgVD2T9OLzdFOf7/f7mT/7yGJ8eohKbSQfF3JOJmbjGa5M5eA==",
      "dev": true,
      "license": "Apache-2.0",
      "bin": {
        "cs-ledger": "bin/cs-ledger.mjs"
      },
      "engines": {
        "node": ">=18.17"
      },
      "optionalDependencies": {
        "@codesweep-ai/ledger-darwin-arm64": "0.0.0-20260915074254-129b17f78d58",
        "@codesweep-ai/ledger-darwin-x64": "0.0.0-20260915074254-129b17f78d58",
        "@codesweep-ai/ledger-linux-arm64": "0.0.0-20260915074254-129b17f78d58",
        "@codesweep-ai/ledger-linux-x64": "0.0.0-20260915074254-129b17f78d58"
      }
    },
    "node_modules/@codesweep-ai/ledger-darwin-arm64": {
      "version": "0.0.0-20260915074254-129b17f78d58",
      "resolved": "https://registry.npmjs.org/@codesweep-ai/ledger-darwin-arm64/-/ledger-darwin-arm64-0.0.0-20260915074254-129b17f78d58.tgz",
      "integrity": "sha512-EwqfAgPERzQCtU2qlgcqQvQb11wJmRq8Qhc4ZEEkTKnz/ZMRIZEXIf0H1inbN5/L3IKosdyKs45QaResC3IPKQ==",
      "cpu": [
        "arm64"
      ],
      "dev": true,
      "license": "Apache-2.0",
      "optional": true,
      "os": [
        "darwin"
      ]
    },
    "node_modules/@codesweep-ai/ledger-darwin-x64": {
      "version": "0.0.0-20260915074254-129b17f78d58",
      "resolved": "https://registry.npmjs.org/@codesweep-ai/ledger-darwin-x64/-/ledger-darwin-x64-0.0.0-20260915074254-129b17f78d58.tgz",
      "integrity": "sha512-ccga0AfD+7G1tMLKoyBQfFNl4zQjGanM3p3AaofIeOvkBVPPo291yRhP67yWj0ujs0A0LOeExcUhWsTiTpqRdQ==",
      "cpu": [
        "x64"
      ],
      "dev": true,
      "license": "Apache-2.0",
      "optional": true,
      "os": [
        "darwin"
      ]
    },
    "node_modules/@codesweep-ai/ledger-linux-arm64": {
      "version": "0.0.0-20260915074254-129b17f78d58",
      "resolved": "https://registry.npmjs.org/@codesweep-ai/ledger-linux-arm64/-/ledger-linux-arm64-0.0.0-20260915074254-129b17f78d58.tgz",
      "integrity": "sha512-IaIzI4ebGI6otdUnjV3rGZvlMZZQ/D9rANbG08USM9WaijR/1eQZK98NRWgWFTDSpo6LfGnN5liUA3YB8b39fw==",
      "cpu": [
        "arm64"
      ],
      "dev": true,
      "license": "Apache-2.0",
      "optional": true,
      "os": [
        "linux"
      ]
    },
    "node_modules/@codesweep-ai/ledger-linux-x64": {
      "version": "0.0.0-20260915074254-129b17f78d58",
      "resolved": "https://registry.npmjs.org/@codesweep-ai/ledger-linux-x64/-/ledger-linux-x64-0.0.0-20260915074254-129b17f78d58.tgz",
      "integrity": "sha512-sYNsS3IfeYCDiX/BSWYC9epoHRIlo6KXFtvf2xVuAs5smvf+T3zdg50/9oDqM/5ziyz6jjrjkRD4WExpLY4Mig==",
      "cpu": [
        "x64"
      ],
      "dev": true,
      "license": "Apache-2.0",
      "optional": true,
      "os": [
        "linux"
      ]
    },
    "node_modules/@codesweep-ai/lint": {
      "version": "0.0.0-20260915074254-271c4a39b67b",
      "resolved": "https://registry.npmjs.org/@codesweep-ai/lint/-/lint-0.0.0-20260915074254-271c4a39b67b.tgz",
      "integrity": "sha512-5zH3Lxr8lf6xGDjxA0/qD81AKmFdvv5XgG59B3/40eMjzA64jpsG5KKZ8+aEsotE610wMcVqrCceWxeVjm/5JQ==",
      "dev": true,
      "license": "Apache-2.0",
      "bin": {
        "cs-lint": "bin/cs-lint.mjs"
      },
      "engines": {
        "node": ">=18.17"
      },
      "optionalDependencies": {
        "@codesweep-ai/lint-darwin-arm64": "0.0.0-20260915074254-271c4a39b67b",
        "@codesweep-ai/lint-darwin-x64": "0.0.0-20260915074254-271c4a39b67b",
        "@codesweep-ai/lint-linux-arm64": "0.0.0-20260915074254-271c4a39b67b",
        "@codesweep-ai/lint-linux-x64": "0.0.0-20260915074254-271c4a39b67b"
      }
    },
    "node_modules/@codesweep-ai/lint-darwin-arm64": {
      "version": "0.0.0-20260915074254-271c4a39b67b",
      "resolved": "https://registry.npmjs.org/@codesweep-ai/lint-darwin-arm64/-/lint-darwin-arm64-0.0.0-20260915074254-271c4a39b67b.tgz",
      "integrity": "sha512-2CIyR5ZJ0ImEA3vcrIVh3jHaadvCZM64w/mij6GxcJSOxVlV0Ri+Zdgz2ON8AQGrRHWbIU5nuTX0HIAkvOWlVw==",
      "cpu": [
        "arm64"
      ],
      "dev": true,
      "license": "Apache-2.0",
      "optional": true,
      "os": [
        "darwin"
      ]
    },
    "node_modules/@codesweep-ai/lint-darwin-x64": {
      "version": "0.0.0-20260915074254-271c4a39b67b",
      "resolved": "https://registry.npmjs.org/@codesweep-ai/lint-darwin-x64/-/lint-darwin-x64-0.0.0-20260915074254-271c4a39b67b.tgz",
      "integrity": "sha512-uvtf1ckc79wHVlNKG74W4P3t6HYJGo8T7VwFu2MsHdnxwoM9ECyMTb330PMc2YD8lJzwCVALK/f0Z3iTjzqNbQ==",
      "cpu": [
        "x64"
      ],
      "dev": true,
      "license": "Apache-2.0",
      "optional": true,
      "os": [
        "darwin"
      ]
    },
    "node_modules/@codesweep-ai/lint-linux-arm64": {
      "version": "0.0.0-20260915074254-271c4a39b67b",
      "resolved": "https://registry.npmjs.org/@codesweep-ai/lint-linux-arm64/-/lint-linux-arm64-0.0.0-20260915074254-271c4a39b67b.tgz",
      "integrity": "sha512-yUm26zy0xe1vqV8Kvz5uxglrEnkYohsVi0zsQyGmOTwBb5ZHIhTNmrrk7FVi++mTjbqiqWehkBZ0yTlFIUTXSA==",
      "cpu": [
        "arm64"
      ],
      "dev": true,
      "license": "Apache-2.0",
      "optional": true,
      "os": [
        "linux"
      ]
    },
    "node_modules/@codesweep-ai/lint-linux-x64": {
      "version": "0.0.0-20260915074254-271c4a39b67b",
      "resolved": "https://registry.npmjs.org/@codesweep-ai/lint-linux-x64/-/lint-linux-x64-0.0.0-20260915074254-271c4a39b67b.tgz",
      "integrity": "sha512-KmRdhGskodMVcNZTxtINkIXaOhBZHOJ8lFSe4LCqElKSK+V36LAZpsdSi0Yy21Awa6SkDXY2cEr3Foj/qi9PXg==",
      "cpu": [
        "x64"
      ],
      "dev": true,
      "license": "Apache-2.0",
      "optional": true,
      "os": [
        "linux"
      ]
    }
  }
}
